
Microsoft Visual Studio Solution File, Format Version 12.00
# Visual Studio 15
VisualStudioVersion = 15.0.27703.2042
MinimumVisualStudioVersion = 10.0.40219.1
Project("{FAE04EC0-301F-11D3-BF4B-00C04F79EFBC}") = "woolies.api", "woolies.api\woolies.api.csproj", "{09ADE9EC-F2C9-46C1-A219-DBB958F81794}"
EndProject
Project("{FAE04EC0-301F-11D3-BF4B-00C04F79EFBC}") = "woolies.models", "woolies.models\woolies.models\woolies.models.csproj", "{F238E94A-ADF9-4EF9-8699-E024B2C9A977}"
EndProject
Project("{FAE04EC0-301F-11D3-BF4B-00C04F79EFBC}") = "woolies.services", "woolies.services\woolies.services\woolies.services.csproj", "{C4622749-919B-4616-B9B1-C425F495A926}"
EndProject
Project("{FAE04EC0-301F-11D3-BF4B-00C04F79EFBC}") = "woolies.repository", "woolies.repository\woolies.repository\woolies.repository.csproj", "{73E81658-90D8-4589-A556-512B0CC3B8FF}"
EndProject
Project("{FAE04EC0-301F-11D3-BF4B-00C04F79EFBC}") = "woolies.abstractions", "woolies.abstractions\woolies.abstractions\woolies.abstractions.csproj", "{7D45ABD7-8C2F-442C-BBF6-DBEE113F0532}"
EndProject
Global
	GlobalSection(SolutionConfigurationPlatforms) = preSolution
		Debug|Any CPU = Debug|Any CPU
		Release|Any CPU = Release|Any CPU
	EndGlobalSection
	GlobalSection(ProjectConfigurationPlatforms) = postSolution
		{09ADE9EC-F2C9-46C1-A219-DBB958F81794}.Debug|Any CPU.ActiveCfg = Debug|Any CPU
		{09ADE9EC-F2C9-46C1-A219-DBB958F81794}.Debug|Any CPU.Build.0 = Debug|Any CPU
		{09ADE9EC-F2C9-46C1-A219-DBB958F81794}.Release|Any CPU.ActiveCfg = Release|Any CPU
		{09ADE9EC-F2C9-46C1-A219-DBB958F81794}.Release|Any CPU.Build.0 = Release|Any CPU
		{F238E94A-ADF9-4EF9-8699-E024B2C9A977}.Debug|Any CPU.ActiveCfg = Debug|Any CPU
		{F238E94A-ADF9-4EF9-8699-E024B2C9A977}.Debug|Any CPU.Build.0 = Debug|Any CPU
		{F238E94A-ADF9-4EF9-8699-E024B2C9A977}.Release|Any CPU.ActiveCfg = Release|Any CPU
		{F238E94A-ADF9-4EF9-8699-E024B2C9A977}.Release|Any CPU.Build.0 = Release|Any CPU
		{C4622749-919B-4616-B9B1-C425F495A926}.Debug|Any CPU.ActiveCfg = Debug|Any CPU
		{C4622749-919B-4616-B9B1-C425F495A926}.Debug|Any CPU.Build.0 = Debug|Any CPU
		{C4622749-919B-4616-B9B1-C425F495A926}.Release|Any CPU.ActiveCfg = Release|Any CPU
		{C4622749-919B-4616-B9B1-C425F495A926}.Release|Any CPU.Build.0 = Release|Any CPU
		{73E81658-90D8-4589-A556-512B0CC3B8FF}.Debug|Any CPU.ActiveCfg = Debug|Any CPU
		{73E81658-90D8-4589-A556-512B0CC3B8FF}.Debug|Any CPU.Build.0 = Debug|Any CPU
		{73E81658-90D8-4589-A556-512B0CC3B8FF}.Release|Any CPU.ActiveCfg = Release|Any CPU
		{73E81658-90D8-4589-A556-512B0CC3B8FF}.Release|Any CPU.Build.0 = Release|Any CPU
		{7D45ABD7-8C2F-442C-BBF6-DBEE113F0532}.Debug|Any CPU.ActiveCfg = Debug|Any CPU
		{7D45ABD7-8C2F-442C-BBF6-DBEE113F0532}.Debug|Any CPU.Build.0 = Debug|Any CPU
		{7D45ABD7-8C2F-442C-BBF6-DBEE113F0532}.Release|Any CPU.ActiveCfg = Release|Any CPU
		{7D45ABD7-8C2F-442C-BBF6-DBEE113F0532}.Release|Any CPU.Build.0 = Release|Any CPU
	EndGlobalSection
	GlobalSection(SolutionProperties) = preSolution
		HideSolutionNode = FALSE
	EndGlobalSection
	GlobalSection(ExtensibilityGlobals) = postSolution
		SolutionGuid = {453B225A-BA42-4A6D-8606-698D6DB3883E}
	EndGlobalSection
EndGlobal
